
Microsoft Visual Studio Solution File, Format Version 12.00
# Visual Studio Version 16
VisualStudioVersion = 16.0.29318.209
MinimumVisualStudioVersion = 10.0.40219.1
Project("{8BC9CEB8-8B4A-11D0-8D11-00A0C91BC942}") = "DecompileEngine", "DecompileEngine\DecompileEngine.vcxproj", "{691C428C-371D-4291-B7E9-0B639B5B4274}"
EndProject
Project("{8BC9CEB8-8B4A-11D0-8D11-00A0C91BC942}") = "WinBatchDecompiler", "WinBatchDecompiler\WinBatchDecompiler.vcxproj", "{A786D4EF-D71D-4410-A628-782D77B6AE01}"
EndProject
Global
	GlobalSection(SolutionConfigurationPlatforms) = preSolution
		Debug|x64 = Debug|x64
		Debug|x86 = Debug|x86
		Release|x64 = Release|x64
		Release|x86 = Release|x86
	EndGlobalSection
	GlobalSection(ProjectConfigurationPlatforms) = postSolution
		{691C428C-371D-4291-B7E9-0B639B5B4274}.Debug|x64.ActiveCfg = Debug|x64
		{691C428C-371D-4291-B7E9-0B639B5B4274}.Debug|x64.Build.0 = Debug|x64
		{691C428C-371D-4291-B7E9-0B639B5B4274}.Debug|x86.ActiveCfg = Debug|Win32
		{691C428C-371D-4291-B7E9-0B639B5B4274}.Debug|x86.Build.0 = Debug|Win32
		{691C428C-371D-4291-B7E9-0B639B5B4274}.Release|x64.ActiveCfg = Release|x64
		{691C428C-371D-4291-B7E9-0B639B5B4274}.Release|x64.Build.0 = Release|x64
		{691C428C-371D-4291-B7E9-0B639B5B4274}.Release|x86.ActiveCfg = Release|Win32
		{691C428C-371D-4291-B7E9-0B639B5B4274}.Release|x86.Build.0 = Release|Win32
		{A786D4EF-D71D-4410-A628-782D77B6AE01}.Debug|x64.ActiveCfg = Debug|x64
		{A786D4EF-D71D-4410-A628-782D77B6AE01}.Debug|x64.Build.0 = Debug|x64
		{A786D4EF-D71D-4410-A628-782D77B6AE01}.Debug|x86.ActiveCfg = Debug|Win32
		{A786D4EF-D71D-4410-A628-782D77B6AE01}.Debug|x86.Build.0 = Debug|Win32
		{A786D4EF-D71D-4410-A628-782D77B6AE01}.Release|x64.ActiveCfg = Release|x64
		{A786D4EF-D71D-4410-A628-782D77B6AE01}.Release|x64.Build.0 = Release|x64
		{A786D4EF-D71D-4410-A628-782D77B6AE01}.Release|x86.ActiveCfg = Release|Win32
		{A786D4EF-D71D-4410-A628-782D77B6AE01}.Release|x86.Build.0 = Release|Win32
	EndGlobalSection
	GlobalSection(SolutionProperties) = preSolution
		HideSolutionNode = FALSE
	EndGlobalSection
	GlobalSection(ExtensibilityGlobals) = postSolution
		SolutionGuid = {4AAAFE7A-E479-45D4-9FAA-03A7E30E0DA9}
	EndGlobalSection
EndGlobal
